
Microsoft Visual Studio Solution File, Format Version 12.00
# Visual Studio Version 16
VisualStudioVersion = 16.0.30114.105
MinimumVisualStudioVersion = 10.0.40219.1
Project("{FAE04EC0-301F-11D3-BF4B-00C04F79EFBC}") = "Client", "Client\Client.csproj", "{3576E8EA-73D5-40E8-86FC-49D1F657F3F5}"
EndProject
Global
	GlobalSection(SolutionConfigurationPlatforms) = preSolution
		Debug|Any CPU = Debug|Any CPU
		Release|Any CPU = Release|Any CPU
	EndGlobalSection
	GlobalSection(ProjectConfigurationPlatforms) = postSolution
		{3576E8EA-73D5-40E8-86FC-49D1F657F3F5}.Debug|Any CPU.ActiveCfg = Debug|Any CPU
		{3576E8EA-73D5-40E8-86FC-49D1F657F3F5}.Debug|Any CPU.Build.0 = Debug|Any CPU
		{3576E8EA-73D5-40E8-86FC-49D1F657F3F5}.Release|Any CPU.ActiveCfg = Release|Any CPU
		{3576E8EA-73D5-40E8-86FC-49D1F657F3F5}.Release|Any CPU.Build.0 = Release|Any CPU
	EndGlobalSection
	GlobalSection(SolutionProperties) = preSolution
		HideSolutionNode = FALSE
	EndGlobalSection
	GlobalSection(ExtensibilityGlobals) = postSolution
		SolutionGuid = {AB02221A-2220-426F-AF48-94B5D9EE4767}
	EndGlobalSection
EndGlobal
